
Microsoft Visual Studio Solution File, Format Version 12.00
# Visual Studio Version 17
VisualStudioVersion = 17.7.34031.279
MinimumVisualStudioVersion = 10.0.40219.1
Project("{FAE04EC0-301F-11D3-BF4B-00C04F79EFBC}") = "Zoo", "Zoo\Zoo.csproj", "{BB536BFC-2FEE-44CB-AFCD-8B428CDCFEBA}"
EndProject
Global
	GlobalSection(SolutionConfigurationPlatforms) = preSolution
		Debug|Any CPU = Debug|Any CPU
		Release|Any CPU = Release|Any CPU
	EndGlobalSection
	GlobalSection(ProjectConfigurationPlatforms) = postSolution
		{BB536BFC-2FEE-44CB-AFCD-8B428CDCFEBA}.Debug|Any CPU.ActiveCfg = Debug|Any CPU
		{BB536BFC-2FEE-44CB-AFCD-8B428CDCFEBA}.Debug|Any CPU.Build.0 = Debug|Any CPU
		{BB536BFC-2FEE-44CB-AFCD-8B428CDCFEBA}.Release|Any CPU.ActiveCfg = Release|Any CPU
		{BB536BFC-2FEE-44CB-AFCD-8B428CDCFEBA}.Release|Any CPU.Build.0 = Release|Any CPU
	EndGlobalSection
	GlobalSection(SolutionProperties) = preSolution
		HideSolutionNode = FALSE
	EndGlobalSection
	GlobalSection(ExtensibilityGlobals) = postSolution
		SolutionGuid = {90D51AE5-BC41-4B84-8252-CD6C81FE95CD}
	EndGlobalSection
EndGlobal
